
Microsoft Visual Studio Solution File, Format Version 12.00
# Visual Studio Version 17
VisualStudioVersion = 17.8.34322.80
MinimumVisualStudioVersion = 10.0.40219.1
Project("{9A19103F-16F7-4668-BE54-9A1E7A4F7556}") = "UglyToad.PdfPig.Rendering.Skia", "UglyToad.PdfPig.Rendering.Skia\UglyToad.PdfPig.Rendering.Skia.csproj", "{7CDB2D2C-3F40-4AAB-A9D0-D2F016582D50}"
EndProject
Project("{FAE04EC0-301F-11D3-BF4B-00C04F79EFBC}") = "UglyToad.PdfPig.Rendering.Skia.Tests", "UglyToad.PdfPig.Rendering.Skia.Tests\UglyToad.PdfPig.Rendering.Skia.Tests.csproj", "{AB3779CB-2D75-49E5-889A-5628D2B895E2}"
EndProject
Global
	GlobalSection(SolutionConfigurationPlatforms) = preSolution
		Debug|Any CPU = Debug|Any CPU
		Release|Any CPU = Release|Any CPU
	EndGlobalSection
	GlobalSection(ProjectConfigurationPlatforms) = postSolution
		{7CDB2D2C-3F40-4AAB-A9D0-D2F016582D50}.Debug|Any CPU.ActiveCfg = Debug|Any CPU
		{7CDB2D2C-3F40-4AAB-A9D0-D2F016582D50}.Debug|Any CPU.Build.0 = Debug|Any CPU
		{7CDB2D2C-3F40-4AAB-A9D0-D2F016582D50}.Release|Any CPU.ActiveCfg = Release|Any CPU
		{7CDB2D2C-3F40-4AAB-A9D0-D2F016582D50}.Release|Any CPU.Build.0 = Release|Any CPU
		{AB3779CB-2D75-49E5-889A-5628D2B895E2}.Debug|Any CPU.ActiveCfg = Debug|Any CPU
		{AB3779CB-2D75-49E5-889A-5628D2B895E2}.Debug|Any CPU.Build.0 = Debug|Any CPU
		{AB3779CB-2D75-49E5-889A-5628D2B895E2}.Release|Any CPU.ActiveCfg = Release|Any CPU
		{AB3779CB-2D75-49E5-889A-5628D2B895E2}.Release|Any CPU.Build.0 = Release|Any CPU
	EndGlobalSection
	GlobalSection(SolutionProperties) = preSolution
		HideSolutionNode = FALSE
	EndGlobalSection
	GlobalSection(ExtensibilityGlobals) = postSolution
		SolutionGuid = {857924AA-474F-43A4-95CC-ABAE981EC8BE}
	EndGlobalSection
EndGlobal
