
Microsoft Visual Studio Solution File, Format Version 12.00
# Visual Studio Version 17
VisualStudioVersion = 17.8.34322.80
MinimumVisualStudioVersion = 10.0.40219.1
Project("{9A19103F-16F7-4668-BE54-9A1E7A4F7556}") = "UglyToad.PdfPig.Rendering.Skia", "UglyToad.PdfPig.Rendering.Skia\UglyToad.PdfPig.Rendering.Skia.csproj", "{7CDB2D2C-3F40-4AAB-A9D0-D2F016582D50}"
EndProject
Project("{9A19103F-16F7-4668-BE54-9A1E7A4F7556}") = "UglyToad.PdfPig.Rendering.Skia.Tests", "UglyToad.PdfPig.Rendering.Skia.Tests\UglyToad.PdfPig.Rendering.Skia.Tests.csproj", "{AB3779CB-2D75-49E5-889A-5628D2B895E2}"
EndProject
Project("{2150E333-8FDC-42A3-9474-1A3956D46DE8}") = "Solution Items", "Solution Items", "{8274B07B-83AC-4C28-B258-366C85B93F32}"
	ProjectSection(SolutionItems) = preProject
		.editorconfig = .editorconfig
	EndProjectSection
EndProject
Project("{FAE04EC0-301F-11D3-BF4B-00C04F79EFBC}") = "UglyToad.PdfPig.Rendering.Skia.WinUI.Tests", "UglyToad.PdfPig.Rendering.Skia.WinUI.Tests\UglyToad.PdfPig.Rendering.Skia.WinUI.Tests.csproj", "{CA73A297-E0A4-422D-8863-A05337B99C74}"
EndProject
Global
	GlobalSection(SolutionConfigurationPlatforms) = preSolution
		Debug|Any CPU = Debug|Any CPU
		Debug|ARM = Debug|ARM
		Debug|ARM64 = Debug|ARM64
		Debug|x64 = Debug|x64
		Debug|x86 = Debug|x86
		Release|Any CPU = Release|Any CPU
		Release|ARM = Release|ARM
		Release|ARM64 = Release|ARM64
		Release|x64 = Release|x64
		Release|x86 = Release|x86
	EndGlobalSection
	GlobalSection(ProjectConfigurationPlatforms) = postSolution
		{7CDB2D2C-3F40-4AAB-A9D0-D2F016582D50}.Debug|Any CPU.ActiveCfg = Debug|Any CPU
		{7CDB2D2C-3F40-4AAB-A9D0-D2F016582D50}.Debug|Any CPU.Build.0 = Debug|Any CPU
		{7CDB2D2C-3F40-4AAB-A9D0-D2F016582D50}.Debug|ARM.ActiveCfg = Debug|Any CPU
		{7CDB2D2C-3F40-4AAB-A9D0-D2F016582D50}.Debug|ARM.Build.0 = Debug|Any CPU
		{7CDB2D2C-3F40-4AAB-A9D0-D2F016582D50}.Debug|ARM64.ActiveCfg = Debug|Any CPU
		{7CDB2D2C-3F40-4AAB-A9D0-D2F016582D50}.Debug|ARM64.Build.0 = Debug|Any CPU
		{7CDB2D2C-3F40-4AAB-A9D0-D2F016582D50}.Debug|x64.ActiveCfg = Debug|Any CPU
		{7CDB2D2C-3F40-4AAB-A9D0-D2F016582D50}.Debug|x64.Build.0 = Debug|Any CPU
		{7CDB2D2C-3F40-4AAB-A9D0-D2F016582D50}.Debug|x86.ActiveCfg = Debug|Any CPU
		{7CDB2D2C-3F40-4AAB-A9D0-D2F016582D50}.Debug|x86.Build.0 = Debug|Any CPU
		{7CDB2D2C-3F40-4AAB-A9D0-D2F016582D50}.Release|Any CPU.ActiveCfg = Release|Any CPU
		{7CDB2D2C-3F40-4AAB-A9D0-D2F016582D50}.Release|Any CPU.Build.0 = Release|Any CPU
		{7CDB2D2C-3F40-4AAB-A9D0-D2F016582D50}.Release|ARM.ActiveCfg = Release|Any CPU
		{7CDB2D2C-3F40-4AAB-A9D0-D2F016582D50}.Release|ARM.Build.0 = Release|Any CPU
		{7CDB2D2C-3F40-4AAB-A9D0-D2F016582D50}.Release|ARM64.ActiveCfg = Release|Any CPU
		{7CDB2D2C-3F40-4AAB-A9D0-D2F016582D50}.Release|ARM64.Build.0 = Release|Any CPU
		{7CDB2D2C-3F40-4AAB-A9D0-D2F016582D50}.Release|x64.ActiveCfg = Release|Any CPU
		{7CDB2D2C-3F40-4AAB-A9D0-D2F016582D50}.Release|x64.Build.0 = Release|Any CPU
		{7CDB2D2C-3F40-4AAB-A9D0-D2F016582D50}.Release|x86.ActiveCfg = Release|Any CPU
		{7CDB2D2C-3F40-4AAB-A9D0-D2F016582D50}.Release|x86.Build.0 = Release|Any CPU
		{AB3779CB-2D75-49E5-889A-5628D2B895E2}.Debug|Any CPU.ActiveCfg = Debug|Any CPU
		{AB3779CB-2D75-49E5-889A-5628D2B895E2}.Debug|Any CPU.Build.0 = Debug|Any CPU
		{AB3779CB-2D75-49E5-889A-5628D2B895E2}.Debug|ARM.ActiveCfg = Debug|Any CPU
		{AB3779CB-2D75-49E5-889A-5628D2B895E2}.Debug|ARM.Build.0 = Debug|Any CPU
		{AB3779CB-2D75-49E5-889A-5628D2B895E2}.Debug|ARM64.ActiveCfg = Debug|Any CPU
		{AB3779CB-2D75-49E5-889A-5628D2B895E2}.Debug|ARM64.Build.0 = Debug|Any CPU
		{AB3779CB-2D75-49E5-889A-5628D2B895E2}.Debug|x64.ActiveCfg = Debug|Any CPU
		{AB3779CB-2D75-49E5-889A-5628D2B895E2}.Debug|x64.Build.0 = Debug|Any CPU
		{AB3779CB-2D75-49E5-889A-5628D2B895E2}.Debug|x86.ActiveCfg = Debug|Any CPU
		{AB3779CB-2D75-49E5-889A-5628D2B895E2}.Debug|x86.Build.0 = Debug|Any CPU
		{AB3779CB-2D75-49E5-889A-5628D2B895E2}.Release|Any CPU.ActiveCfg = Release|Any CPU
		{AB3779CB-2D75-49E5-889A-5628D2B895E2}.Release|Any CPU.Build.0 = Release|Any CPU
		{AB3779CB-2D75-49E5-889A-5628D2B895E2}.Release|ARM.ActiveCfg = Release|Any CPU
		{AB3779CB-2D75-49E5-889A-5628D2B895E2}.Release|ARM.Build.0 = Release|Any CPU
		{AB3779CB-2D75-49E5-889A-5628D2B895E2}.Release|ARM64.ActiveCfg = Release|Any CPU
		{AB3779CB-2D75-49E5-889A-5628D2B895E2}.Release|ARM64.Build.0 = Release|Any CPU
		{AB3779CB-2D75-49E5-889A-5628D2B895E2}.Release|x64.ActiveCfg = Release|Any CPU
		{AB3779CB-2D75-49E5-889A-5628D2B895E2}.Release|x64.Build.0 = Release|Any CPU
		{AB3779CB-2D75-49E5-889A-5628D2B895E2}.Release|x86.ActiveCfg = Release|Any CPU
		{AB3779CB-2D75-49E5-889A-5628D2B895E2}.Release|x86.Build.0 = Release|Any CPU
		{CA73A297-E0A4-422D-8863-A05337B99C74}.Debug|Any CPU.ActiveCfg = Debug|x64
		{CA73A297-E0A4-422D-8863-A05337B99C74}.Debug|Any CPU.Build.0 = Debug|x64
		{CA73A297-E0A4-422D-8863-A05337B99C74}.Debug|Any CPU.Deploy.0 = Debug|x64
		{CA73A297-E0A4-422D-8863-A05337B99C74}.Debug|ARM.ActiveCfg = Debug|x64
		{CA73A297-E0A4-422D-8863-A05337B99C74}.Debug|ARM.Build.0 = Debug|x64
		{CA73A297-E0A4-422D-8863-A05337B99C74}.Debug|ARM.Deploy.0 = Debug|x64
		{CA73A297-E0A4-422D-8863-A05337B99C74}.Debug|ARM64.ActiveCfg = Debug|ARM64
		{CA73A297-E0A4-422D-8863-A05337B99C74}.Debug|ARM64.Build.0 = Debug|ARM64
		{CA73A297-E0A4-422D-8863-A05337B99C74}.Debug|ARM64.Deploy.0 = Debug|ARM64
		{CA73A297-E0A4-422D-8863-A05337B99C74}.Debug|x64.ActiveCfg = Debug|x64
		{CA73A297-E0A4-422D-8863-A05337B99C74}.Debug|x64.Build.0 = Debug|x64
		{CA73A297-E0A4-422D-8863-A05337B99C74}.Debug|x64.Deploy.0 = Debug|x64
		{CA73A297-E0A4-422D-8863-A05337B99C74}.Debug|x86.ActiveCfg = Debug|x86
		{CA73A297-E0A4-422D-8863-A05337B99C74}.Debug|x86.Build.0 = Debug|x86
		{CA73A297-E0A4-422D-8863-A05337B99C74}.Debug|x86.Deploy.0 = Debug|x86
		{CA73A297-E0A4-422D-8863-A05337B99C74}.Release|Any CPU.ActiveCfg = Release|x64
		{CA73A297-E0A4-422D-8863-A05337B99C74}.Release|Any CPU.Build.0 = Release|x64
		{CA73A297-E0A4-422D-8863-A05337B99C74}.Release|Any CPU.Deploy.0 = Release|x64
		{CA73A297-E0A4-422D-8863-A05337B99C74}.Release|ARM.ActiveCfg = Release|x64
		{CA73A297-E0A4-422D-8863-A05337B99C74}.Release|ARM.Build.0 = Release|x64
		{CA73A297-E0A4-422D-8863-A05337B99C74}.Release|ARM.Deploy.0 = Release|x64
		{CA73A297-E0A4-422D-8863-A05337B99C74}.Release|ARM64.ActiveCfg = Release|ARM64
		{CA73A297-E0A4-422D-8863-A05337B99C74}.Release|ARM64.Build.0 = Release|ARM64
		{CA73A297-E0A4-422D-8863-A05337B99C74}.Release|ARM64.Deploy.0 = Release|ARM64
		{CA73A297-E0A4-422D-8863-A05337B99C74}.Release|x64.ActiveCfg = Release|x64
		{CA73A297-E0A4-422D-8863-A05337B99C74}.Release|x64.Build.0 = Release|x64
		{CA73A297-E0A4-422D-8863-A05337B99C74}.Release|x64.Deploy.0 = Release|x64
		{CA73A297-E0A4-422D-8863-A05337B99C74}.Release|x86.ActiveCfg = Release|x86
		{CA73A297-E0A4-422D-8863-A05337B99C74}.Release|x86.Build.0 = Release|x86
		{CA73A297-E0A4-422D-8863-A05337B99C74}.Release|x86.Deploy.0 = Release|x86
	EndGlobalSection
	GlobalSection(SolutionProperties) = preSolution
		HideSolutionNode = FALSE
	EndGlobalSection
	GlobalSection(ExtensibilityGlobals) = postSolution
		SolutionGuid = {857924AA-474F-43A4-95CC-ABAE981EC8BE}
	EndGlobalSection
EndGlobal
